{
  "originHash" : "97dcb0b42504195a1d7517ecf2bfdd99a5d647c2d06407e3248a0e9cd920ca3c",
  "pins" : [
    {
      "identity" : "alamofire",
      "kind" : "remoteSourceControl",
      "location" : "https://github.com/Alamofire/Alamofire.git",
      "state" : {
        "revision" : "7595cbcf59809f9977c5f6378500de2ad73b7ddb",
        "version" : "5.12.0"
      }
    },
    {
      "identity" : "amplitude-ios",
      "kind" : "remoteSourceControl",
      "location" : "https://github.com/amplitude/Amplitude-iOS.git",
      "state" : {
        "revision" : "7ec0f8971b68c1cb859028655fbff1bcde8170dd",
        "version" : "8.22.2"
      }
    },
    {
      "identity" : "amplitude-swift",
      "kind" : "remoteSourceControl",
      "location" : "https://github.com/amplitude/Amplitude-Swift.git",
      "state" : {
        "revision" : "17ca168cfe6bc6400e0fd7d0287fb2c742ed0d21",
        "version" : "1.18.6"
      }
    },
    {
      "identity" : "amplitudecore-swift",
      "kind" : "remoteSourceControl",
      "location" : "https://github.com/amplitude/AmplitudeCore-Swift.git",
      "state" : {
        "revision" : "6fc9fb3cc74e394a96bd9cb6a4d440d3db6cbf46",
        "version" : "1.4.8"
      }
    },
    {
      "identity" : "amplitudesessionreplay-ios",
      "kind" : "remoteSourceControl",
      "location" : "https://github.com/amplitude/AmplitudeSessionReplay-iOS.git",
      "state" : {
        "revision" : "ef3d060b1a2550a59ba21f793c2e9b788e121cf3",
        "version" : "0.12.3"
      }
    },
    {
      "identity" : "amplitudeunified-swift",
      "kind" : "remoteSourceControl",
      "location" : "https://github.com/amplitude/AmplitudeUnified-Swift",
      "state" : {
        "branch" : "main",
        "revision" : "972510b97e37ff0a1bfb45325e3ccf2046c0742b"
      }
    },
    {
      "identity" : "analytics-connector-ios",
      "kind" : "remoteSourceControl",
      "location" : "https://github.com/amplitude/analytics-connector-ios.git",
      "state" : {
        "revision" : "982b4c787285d213653bd2a504d6a86b52227cea",
        "version" : "1.3.2"
      }
    },
    {
      "identity" : "analytics-swift",
      "kind" : "remoteSourceControl",
      "location" : "https://github.com/segmentio/analytics-swift",
      "state" : {
        "revision" : "5658b7ff5768083683b83162121bad8b4a4b267f",
        "version" : "1.10.0"
      }
    },
    {
      "identity" : "anyapi",
      "kind" : "remoteSourceControl",
      "location" : "https://github.com/jpmcglone/AnyAPI",
      "state" : {
        "revision" : "b59687cd84f8833591b22cbe1e3d4008d38752f4",
        "version" : "1.2.0"
      }
    },
    {
      "identity" : "bettercodable",
      "kind" : "remoteSourceControl",
      "location" : "https://github.com/marksands/BetterCodable",
      "state" : {
        "revision" : "61153170668db7a46a20a87e35e70f80b24d4eb5",
        "version" : "0.4.0"
      }
    },
    {
      "identity" : "drops",
      "kind" : "remoteSourceControl",
      "location" : "https://github.com/omaralbeik/Drops.git",
      "state" : {
        "revision" : "a183ee6f79f21c940092a19c2cba756555422371",
        "version" : "1.7.0"
      }
    },
    {
      "identity" : "entitystore",
      "kind" : "remoteSourceControl",
      "location" : "https://github.com/jpmcglone/EntityStore",
      "state" : {
        "revision" : "b5696f644a2d047a989e3f9fcc0c70eb2e9f9ea8",
        "version" : "0.9.18"
      }
    },
    {
      "identity" : "experiment-ios-client",
      "kind" : "remoteSourceControl",
      "location" : "https://github.com/amplitude/experiment-ios-client.git",
      "state" : {
        "revision" : "96e9879fade782bf51e7b3acb7d0836aa50e0637",
        "version" : "1.20.2"
      }
    },
    {
      "identity" : "factory",
      "kind" : "remoteSourceControl",
      "location" : "https://github.com/hmlongco/Factory",
      "state" : {
        "revision" : "ccc898f21992ebc130bc04cc197460a5ae230bcf",
        "version" : "2.5.3"
      }
    },
    {
      "identity" : "jsonsafeencoding-swift",
      "kind" : "remoteSourceControl",
      "location" : "https://github.com/segmentio/jsonsafeencoding-swift.git",
      "state" : {
        "revision" : "af6a8b360984085e36c6341b21ecb35c12f47ebd",
        "version" : "2.0.0"
      }
    },
    {
      "identity" : "kingfisher",
      "kind" : "remoteSourceControl",
      "location" : "https://github.com/onevcat/Kingfisher.git",
      "state" : {
        "revision" : "410984bf301f4fa224fe56277b3f8672cc465c79",
        "version" : "8.11.0"
      }
    },
    {
      "identity" : "lottie-ios",
      "kind" : "remoteSourceControl",
      "location" : "https://github.com/airbnb/lottie-ios",
      "state" : {
        "revision" : "f4db77d7feacba0c2360b84a40c38a6ce8ff399d",
        "version" : "4.6.1"
      }
    },
    {
      "identity" : "markdownui",
      "kind" : "remoteSourceControl",
      "location" : "https://github.com/gonzalezreal/MarkdownUI",
      "state" : {
        "branch" : "main",
        "revision" : "8371aeb32f35795a9e559029fb08613355733626"
      }
    },
    {
      "identity" : "networkimage",
      "kind" : "remoteSourceControl",
      "location" : "https://github.com/gonzalezreal/NetworkImage",
      "state" : {
        "revision" : "2849f5323265386e200484b0d0f896e73c3411b9",
        "version" : "6.0.1"
      }
    },
    {
      "identity" : "norviq-shared",
      "kind" : "remoteSourceControl",
      "location" : "https://github.com/FinancePlanner/norviq-shared.git",
      "state" : {
        "revision" : "97c559091ca1924e2fd4146846d98ade34486245",
        "version" : "4.1.0"
      }
    },
    {
      "identity" : "plaid-link-ios-spm",
      "kind" : "remoteSourceControl",
      "location" : "https://github.com/plaid/plaid-link-ios-spm.git",
      "state" : {
        "revision" : "2e1897f728962d3ed177c217761d6a14baa3c733",
        "version" : "5.6.1"
      }
    },
    {
      "identity" : "posthog-ios",
      "kind" : "remoteSourceControl",
      "location" : "https://github.com/PostHog/posthog-ios",
      "state" : {
        "revision" : "067ccbb5290517eb7362117879488f9286ffe299",
        "version" : "3.67.0"
      }
    },
    {
      "identity" : "purchases-ios-spm",
      "kind" : "remoteSourceControl",
      "location" : "https://github.com/RevenueCat/purchases-ios-spm.git",
      "state" : {
        "revision" : "4b28e6817c746be6bb710f2bcc0a7e8d9f9e3afa",
        "version" : "5.81.1"
      }
    },
    {
      "identity" : "sentry-cocoa",
      "kind" : "remoteSourceControl",
      "location" : "https://github.com/getsentry/sentry-cocoa.git",
      "state" : {
        "revision" : "67310f115f3fc1e5e1f2e262f9009c64bb387e3f",
        "version" : "9.22.0"
      }
    },
    {
      "identity" : "sovran-swift",
      "kind" : "remoteSourceControl",
      "location" : "https://github.com/segmentio/sovran-swift.git",
      "state" : {
        "revision" : "24867f3e4ac62027db9827112135e6531b6f4051",
        "version" : "1.1.2"
      }
    },
    {
      "identity" : "swift-cmark",
      "kind" : "remoteSourceControl",
      "location" : "https://github.com/swiftlang/swift-cmark",
      "state" : {
        "revision" : "924936d0427cb25a61169739a7660230bffa6ea6",
        "version" : "0.8.0"
      }
    },
    {
      "identity" : "swiftlintplugins",
      "kind" : "remoteSourceControl",
      "location" : "https://github.com/SimplyDanny/SwiftLintPlugins",
      "state" : {
        "revision" : "3292bab28e6e92000161348003fdef8edc4e582d",
        "version" : "0.65.0"
      }
    },
    {
      "identity" : "swiftsdk",
      "kind" : "remoteSourceControl",
      "location" : "https://github.com/TelemetryDeck/SwiftSDK",
      "state" : {
        "revision" : "ad4a03ec7ea7416a4081370f21c86e55b02a5b88",
        "version" : "2.14.1"
      }
    },
    {
      "identity" : "swiftycrop",
      "kind" : "remoteSourceControl",
      "location" : "https://github.com/benedom/SwiftyCrop",
      "state" : {
        "revision" : "2f1950b3bd864063c8031cc41b7b0d82e004e7e5",
        "version" : "1.0.15"
      }
    }
  ],
  "version" : 3
}
